
Microsoft Visual Studio Solution File, Format Version 12.00
# Visual Studio Version 17
VisualStudioVersion = 17.0.31903.59
MinimumVisualStudioVersion = 10.0.40219.1
Project("{2150E333-8FDC-42A3-9474-1A3956D46DE8}") = "Services", "Services", "{5854FF58-B8C5-05C6-5BF2-ACE42193F22B}"
EndProject
Project("{2150E333-8FDC-42A3-9474-1A3956D46DE8}") = "IdentityService", "IdentityService", "{DD206F60-1FAF-ED75-6FA2-9D7982884EA4}"
EndProject
Project("{FAE04EC0-301F-11D3-BF4B-00C04F79EFBC}") = "IdentityService.Domain", "Services\IdentityService\IdentityService.Domain\IdentityService.Domain.csproj", "{42BC02FF-579E-4056-95D8-FE576420B5A7}"
EndProject
Project("{FAE04EC0-301F-11D3-BF4B-00C04F79EFBC}") = "IdentityService.Application", "Services\IdentityService\IdentityService.Application\IdentityService.Application.csproj", "{9B5C0564-5753-4932-9F2D-19C094EEDBFE}"
EndProject
Project("{FAE04EC0-301F-11D3-BF4B-00C04F79EFBC}") = "IdentityService.Infrastructure", "Services\IdentityService\IdentityService.Infrastructure\IdentityService.Infrastructure.csproj", "{B9C4788A-EA18-4721-B116-ABB96B73C739}"
EndProject
Project("{FAE04EC0-301F-11D3-BF4B-00C04F79EFBC}") = "IdentityService.API", "Services\IdentityService\IdentityService.API\IdentityService.API.csproj", "{EBB26390-7D00-4121-96FF-D10D17652540}"
EndProject
Project("{2150E333-8FDC-42A3-9474-1A3956D46DE8}") = "AccountService", "AccountService", "{BC3F026E-8245-6C15-5126-57674D85CCB0}"
EndProject
Project("{FAE04EC0-301F-11D3-BF4B-00C04F79EFBC}") = "AccountService.Domain", "Services\AccountService\AccountService.Domain\AccountService.Domain.csproj", "{AFB05416-4E60-4050-B0F4-A7B9F86B8AE4}"
EndProject
Project("{FAE04EC0-301F-11D3-BF4B-00C04F79EFBC}") = "AccountService.Application", "Services\AccountService\AccountService.Application\AccountService.Application.csproj", "{7CAD0C41-29CF-47E0-B9D6-791B540F9A85}"
EndProject
Project("{FAE04EC0-301F-11D3-BF4B-00C04F79EFBC}") = "AccountService.Infrastructure", "Services\AccountService\AccountService.Infrastructure\AccountService.Infrastructure.csproj", "{CF70FDB5-D6C3-46E7-A4B9-8AD0481B5C5C}"
EndProject
Project("{FAE04EC0-301F-11D3-BF4B-00C04F79EFBC}") = "AccountService.API", "Services\AccountService\AccountService.API\AccountService.API.csproj", "{555A839C-CEEE-42BD-BB89-7F6D64EFA638}"
EndProject
Project("{FAE04EC0-301F-11D3-BF4B-00C04F79EFBC}") = "IdentityService.Tests", "Services\IdentityService\IdentityService.Tests\IdentityService.Tests.csproj", "{E0B2186D-8F2D-482F-BBA8-F62DAE81E575}"
EndProject
Project("{FAE04EC0-301F-11D3-BF4B-00C04F79EFBC}") = "AccountService.Tests", "Services\AccountService\AccountService.Tests\AccountService.Tests.csproj", "{1D388A46-11BD-4F11-BD38-D03FBC67FE15}"
EndProject
Global
	GlobalSection(SolutionConfigurationPlatforms) = preSolution
		Debug|Any CPU = Debug|Any CPU
		Debug|x64 = Debug|x64
		Debug|x86 = Debug|x86
		Release|Any CPU = Release|Any CPU
		Release|x64 = Release|x64
		Release|x86 = Release|x86
	EndGlobalSection
	GlobalSection(ProjectConfigurationPlatforms) = postSolution
		{42BC02FF-579E-4056-95D8-FE576420B5A7}.Debug|Any CPU.ActiveCfg = Debug|Any CPU
		{42BC02FF-579E-4056-95D8-FE576420B5A7}.Debug|Any CPU.Build.0 = Debug|Any CPU
		{42BC02FF-579E-4056-95D8-FE576420B5A7}.Debug|x64.ActiveCfg = Debug|Any CPU
		{42BC02FF-579E-4056-95D8-FE576420B5A7}.Debug|x64.Build.0 = Debug|Any CPU
		{42BC02FF-579E-4056-95D8-FE576420B5A7}.Debug|x86.ActiveCfg = Debug|Any CPU
		{42BC02FF-579E-4056-95D8-FE576420B5A7}.Debug|x86.Build.0 = Debug|Any CPU
		{42BC02FF-579E-4056-95D8-FE576420B5A7}.Release|Any CPU.ActiveCfg = Release|Any CPU
		{42BC02FF-579E-4056-95D8-FE576420B5A7}.Release|Any CPU.Build.0 = Release|Any CPU
		{42BC02FF-579E-4056-95D8-FE576420B5A7}.Release|x64.ActiveCfg = Release|Any CPU
		{42BC02FF-579E-4056-95D8-FE576420B5A7}.Release|x64.Build.0 = Release|Any CPU
		{42BC02FF-579E-4056-95D8-FE576420B5A7}.Release|x86.ActiveCfg = Release|Any CPU
		{42BC02FF-579E-4056-95D8-FE576420B5A7}.Release|x86.Build.0 = Release|Any CPU
		{9B5C0564-5753-4932-9F2D-19C094EEDBFE}.Debug|Any CPU.ActiveCfg = Debug|Any CPU
		{9B5C0564-5753-4932-9F2D-19C094EEDBFE}.Debug|Any CPU.Build.0 = Debug|Any CPU
		{9B5C0564-5753-4932-9F2D-19C094EEDBFE}.Debug|x64.ActiveCfg = Debug|Any CPU
		{9B5C0564-5753-4932-9F2D-19C094EEDBFE}.Debug|x64.Build.0 = Debug|Any CPU
		{9B5C0564-5753-4932-9F2D-19C094EEDBFE}.Debug|x86.ActiveCfg = Debug|Any CPU
		{9B5C0564-5753-4932-9F2D-19C094EEDBFE}.Debug|x86.Build.0 = Debug|Any CPU
		{9B5C0564-5753-4932-9F2D-19C094EEDBFE}.Release|Any CPU.ActiveCfg = Release|Any CPU
		{9B5C0564-5753-4932-9F2D-19C094EEDBFE}.Release|Any CPU.Build.0 = Release|Any CPU
		{9B5C0564-5753-4932-9F2D-19C094EEDBFE}.Release|x64.ActiveCfg = Release|Any CPU
		{9B5C0564-5753-4932-9F2D-19C094EEDBFE}.Release|x64.Build.0 = Release|Any CPU
		{9B5C0564-5753-4932-9F2D-19C094EEDBFE}.Release|x86.ActiveCfg = Release|Any CPU
		{9B5C0564-5753-4932-9F2D-19C094EEDBFE}.Release|x86.Build.0 = Release|Any CPU
		{B9C4788A-EA18-4721-B116-ABB96B73C739}.Debug|Any CPU.ActiveCfg = Debug|Any CPU
		{B9C4788A-EA18-4721-B116-ABB96B73C739}.Debug|Any CPU.Build.0 = Debug|Any CPU
		{B9C4788A-EA18-4721-B116-ABB96B73C739}.Debug|x64.ActiveCfg = Debug|Any CPU
		{B9C4788A-EA18-4721-B116-ABB96B73C739}.Debug|x64.Build.0 = Debug|Any CPU
		{B9C4788A-EA18-4721-B116-ABB96B73C739}.Debug|x86.ActiveCfg = Debug|Any CPU
		{B9C4788A-EA18-4721-B116-ABB96B73C739}.Debug|x86.Build.0 = Debug|Any CPU
		{B9C4788A-EA18-4721-B116-ABB96B73C739}.Release|Any CPU.ActiveCfg = Release|Any CPU
		{B9C4788A-EA18-4721-B116-ABB96B73C739}.Release|Any CPU.Build.0 = Release|Any CPU
		{B9C4788A-EA18-4721-B116-ABB96B73C739}.Release|x64.ActiveCfg = Release|Any CPU
		{B9C4788A-EA18-4721-B116-ABB96B73C739}.Release|x64.Build.0 = Release|Any CPU
		{B9C4788A-EA18-4721-B116-ABB96B73C739}.Release|x86.ActiveCfg = Release|Any CPU
		{B9C4788A-EA18-4721-B116-ABB96B73C739}.Release|x86.Build.0 = Release|Any CPU
		{EBB26390-7D00-4121-96FF-D10D17652540}.Debug|Any CPU.ActiveCfg = Debug|Any CPU
		{EBB26390-7D00-4121-96FF-D10D17652540}.Debug|Any CPU.Build.0 = Debug|Any CPU
		{EBB26390-7D00-4121-96FF-D10D17652540}.Debug|x64.ActiveCfg = Debug|Any CPU
		{EBB26390-7D00-4121-96FF-D10D17652540}.Debug|x64.Build.0 = Debug|Any CPU
		{EBB26390-7D00-4121-96FF-D10D17652540}.Debug|x86.ActiveCfg = Debug|Any CPU
		{EBB26390-7D00-4121-96FF-D10D17652540}.Debug|x86.Build.0 = Debug|Any CPU
		{EBB26390-7D00-4121-96FF-D10D17652540}.Release|Any CPU.ActiveCfg = Release|Any CPU
		{EBB26390-7D00-4121-96FF-D10D17652540}.Release|Any CPU.Build.0 = Release|Any CPU
		{EBB26390-7D00-4121-96FF-D10D17652540}.Release|x64.ActiveCfg = Release|Any CPU
		{EBB26390-7D00-4121-96FF-D10D17652540}.Release|x64.Build.0 = Release|Any CPU
		{EBB26390-7D00-4121-96FF-D10D17652540}.Release|x86.ActiveCfg = Release|Any CPU
		{EBB26390-7D00-4121-96FF-D10D17652540}.Release|x86.Build.0 = Release|Any CPU
		{AFB05416-4E60-4050-B0F4-A7B9F86B8AE4}.Debug|Any CPU.ActiveCfg = Debug|Any CPU
		{AFB05416-4E60-4050-B0F4-A7B9F86B8AE4}.Debug|Any CPU.Build.0 = Debug|Any CPU
		{AFB05416-4E60-4050-B0F4-A7B9F86B8AE4}.Debug|x64.ActiveCfg = Debug|Any CPU
		{AFB05416-4E60-4050-B0F4-A7B9F86B8AE4}.Debug|x64.Build.0 = Debug|Any CPU
		{AFB05416-4E60-4050-B0F4-A7B9F86B8AE4}.Debug|x86.ActiveCfg = Debug|Any CPU
		{AFB05416-4E60-4050-B0F4-A7B9F86B8AE4}.Debug|x86.Build.0 = Debug|Any CPU
		{AFB05416-4E60-4050-B0F4-A7B9F86B8AE4}.Release|Any CPU.ActiveCfg = Release|Any CPU
		{AFB05416-4E60-4050-B0F4-A7B9F86B8AE4}.Release|Any CPU.Build.0 = Release|Any CPU
		{AFB05416-4E60-4050-B0F4-A7B9F86B8AE4}.Release|x64.ActiveCfg = Release|Any CPU
		{AFB05416-4E60-4050-B0F4-A7B9F86B8AE4}.Release|x64.Build.0 = Release|Any CPU
		{AFB05416-4E60-4050-B0F4-A7B9F86B8AE4}.Release|x86.ActiveCfg = Release|Any CPU
		{AFB05416-4E60-4050-B0F4-A7B9F86B8AE4}.Release|x86.Build.0 = Release|Any CPU
		{7CAD0C41-29CF-47E0-B9D6-791B540F9A85}.Debug|Any CPU.ActiveCfg = Debug|Any CPU
		{7CAD0C41-29CF-47E0-B9D6-791B540F9A85}.Debug|Any CPU.Build.0 = Debug|Any CPU
		{7CAD0C41-29CF-47E0-B9D6-791B540F9A85}.Debug|x64.ActiveCfg = Debug|Any CPU
		{7CAD0C41-29CF-47E0-B9D6-791B540F9A85}.Debug|x64.Build.0 = Debug|Any CPU
		{7CAD0C41-29CF-47E0-B9D6-791B540F9A85}.Debug|x86.ActiveCfg = Debug|Any CPU
		{7CAD0C41-29CF-47E0-B9D6-791B540F9A85}.Debug|x86.Build.0 = Debug|Any CPU
		{7CAD0C41-29CF-47E0-B9D6-791B540F9A85}.Release|Any CPU.ActiveCfg = Release|Any CPU
		{7CAD0C41-29CF-47E0-B9D6-791B540F9A85}.Release|Any CPU.Build.0 = Release|Any CPU
		{7CAD0C41-29CF-47E0-B9D6-791B540F9A85}.Release|x64.ActiveCfg = Release|Any CPU
		{7CAD0C41-29CF-47E0-B9D6-791B540F9A85}.Release|x64.Build.0 = Release|Any CPU
		{7CAD0C41-29CF-47E0-B9D6-791B540F9A85}.Release|x86.ActiveCfg = Release|Any CPU
		{7CAD0C41-29CF-47E0-B9D6-791B540F9A85}.Release|x86.Build.0 = Release|Any CPU
		{CF70FDB5-D6C3-46E7-A4B9-8AD0481B5C5C}.Debug|Any CPU.ActiveCfg = Debug|Any CPU
		{CF70FDB5-D6C3-46E7-A4B9-8AD0481B5C5C}.Debug|Any CPU.Build.0 = Debug|Any CPU
		{CF70FDB5-D6C3-46E7-A4B9-8AD0481B5C5C}.Debug|x64.ActiveCfg = Debug|Any CPU
		{CF70FDB5-D6C3-46E7-A4B9-8AD0481B5C5C}.Debug|x64.Build.0 = Debug|Any CPU
		{CF70FDB5-D6C3-46E7-A4B9-8AD0481B5C5C}.Debug|x86.ActiveCfg = Debug|Any CPU
		{CF70FDB5-D6C3-46E7-A4B9-8AD0481B5C5C}.Debug|x86.Build.0 = Debug|Any CPU
		{CF70FDB5-D6C3-46E7-A4B9-8AD0481B5C5C}.Release|Any CPU.ActiveCfg = Release|Any CPU
		{CF70FDB5-D6C3-46E7-A4B9-8AD0481B5C5C}.Release|Any CPU.Build.0 = Release|Any CPU
		{CF70FDB5-D6C3-46E7-A4B9-8AD0481B5C5C}.Release|x64.ActiveCfg = Release|Any CPU
		{CF70FDB5-D6C3-46E7-A4B9-8AD0481B5C5C}.Release|x64.Build.0 = Release|Any CPU
		{CF70FDB5-D6C3-46E7-A4B9-8AD0481B5C5C}.Release|x86.ActiveCfg = Release|Any CPU
		{CF70FDB5-D6C3-46E7-A4B9-8AD0481B5C5C}.Release|x86.Build.0 = Release|Any CPU
		{555A839C-CEEE-42BD-BB89-7F6D64EFA638}.Debug|Any CPU.ActiveCfg = Debug|Any CPU
		{555A839C-CEEE-42BD-BB89-7F6D64EFA638}.Debug|Any CPU.Build.0 = Debug|Any CPU
		{555A839C-CEEE-42BD-BB89-7F6D64EFA638}.Debug|x64.ActiveCfg = Debug|Any CPU
		{555A839C-CEEE-42BD-BB89-7F6D64EFA638}.Debug|x64.Build.0 = Debug|Any CPU
		{555A839C-CEEE-42BD-BB89-7F6D64EFA638}.Debug|x86.ActiveCfg = Debug|Any CPU
		{555A839C-CEEE-42BD-BB89-7F6D64EFA638}.Debug|x86.Build.0 = Debug|Any CPU
		{555A839C-CEEE-42BD-BB89-7F6D64EFA638}.Release|Any CPU.ActiveCfg = Release|Any CPU
		{555A839C-CEEE-42BD-BB89-7F6D64EFA638}.Release|Any CPU.Build.0 = Release|Any CPU
		{555A839C-CEEE-42BD-BB89-7F6D64EFA638}.Release|x64.ActiveCfg = Release|Any CPU
		{555A839C-CEEE-42BD-BB89-7F6D64EFA638}.Release|x64.Build.0 = Release|Any CPU
		{555A839C-CEEE-42BD-BB89-7F6D64EFA638}.Release|x86.ActiveCfg = Release|Any CPU
		{555A839C-CEEE-42BD-BB89-7F6D64EFA638}.Release|x86.Build.0 = Release|Any CPU
		{E0B2186D-8F2D-482F-BBA8-F62DAE81E575}.Debug|Any CPU.ActiveCfg = Debug|Any CPU
		{E0B2186D-8F2D-482F-BBA8-F62DAE81E575}.Debug|Any CPU.Build.0 = Debug|Any CPU
		{E0B2186D-8F2D-482F-BBA8-F62DAE81E575}.Debug|x64.ActiveCfg = Debug|Any CPU
		{E0B2186D-8F2D-482F-BBA8-F62DAE81E575}.Debug|x64.Build.0 = Debug|Any CPU
		{E0B2186D-8F2D-482F-BBA8-F62DAE81E575}.Debug|x86.ActiveCfg = Debug|Any CPU
		{E0B2186D-8F2D-482F-BBA8-F62DAE81E575}.Debug|x86.Build.0 = Debug|Any CPU
		{E0B2186D-8F2D-482F-BBA8-F62DAE81E575}.Release|Any CPU.ActiveCfg = Release|Any CPU
		{E0B2186D-8F2D-482F-BBA8-F62DAE81E575}.Release|Any CPU.Build.0 = Release|Any CPU
		{E0B2186D-8F2D-482F-BBA8-F62DAE81E575}.Release|x64.ActiveCfg = Release|Any CPU
		{E0B2186D-8F2D-482F-BBA8-F62DAE81E575}.Release|x64.Build.0 = Release|Any CPU
		{E0B2186D-8F2D-482F-BBA8-F62DAE81E575}.Release|x86.ActiveCfg = Release|Any CPU
		{E0B2186D-8F2D-482F-BBA8-F62DAE81E575}.Release|x86.Build.0 = Release|Any CPU
		{1D388A46-11BD-4F11-BD38-D03FBC67FE15}.Debug|Any CPU.ActiveCfg = Debug|Any CPU
		{1D388A46-11BD-4F11-BD38-D03FBC67FE15}.Debug|Any CPU.Build.0 = Debug|Any CPU
		{1D388A46-11BD-4F11-BD38-D03FBC67FE15}.Debug|x64.ActiveCfg = Debug|Any CPU
		{1D388A46-11BD-4F11-BD38-D03FBC67FE15}.Debug|x64.Build.0 = Debug|Any CPU
		{1D388A46-11BD-4F11-BD38-D03FBC67FE15}.Debug|x86.ActiveCfg = Debug|Any CPU
		{1D388A46-11BD-4F11-BD38-D03FBC67FE15}.Debug|x86.Build.0 = Debug|Any CPU
		{1D388A46-11BD-4F11-BD38-D03FBC67FE15}.Release|Any CPU.ActiveCfg = Release|Any CPU
		{1D388A46-11BD-4F11-BD38-D03FBC67FE15}.Release|Any CPU.Build.0 = Release|Any CPU
		{1D388A46-11BD-4F11-BD38-D03FBC67FE15}.Release|x64.ActiveCfg = Release|Any CPU
		{1D388A46-11BD-4F11-BD38-D03FBC67FE15}.Release|x64.Build.0 = Release|Any CPU
		{1D388A46-11BD-4F11-BD38-D03FBC67FE15}.Release|x86.ActiveCfg = Release|Any CPU
		{1D388A46-11BD-4F11-BD38-D03FBC67FE15}.Release|x86.Build.0 = Release|Any CPU
	EndGlobalSection
	GlobalSection(SolutionProperties) = preSolution
		HideSolutionNode = FALSE
	EndGlobalSection
	GlobalSection(NestedProjects) = preSolution
		{DD206F60-1FAF-ED75-6FA2-9D7982884EA4} = {5854FF58-B8C5-05C6-5BF2-ACE42193F22B}
		{42BC02FF-579E-4056-95D8-FE576420B5A7} = {DD206F60-1FAF-ED75-6FA2-9D7982884EA4}
		{9B5C0564-5753-4932-9F2D-19C094EEDBFE} = {DD206F60-1FAF-ED75-6FA2-9D7982884EA4}
		{B9C4788A-EA18-4721-B116-ABB96B73C739} = {DD206F60-1FAF-ED75-6FA2-9D7982884EA4}
		{EBB26390-7D00-4121-96FF-D10D17652540} = {DD206F60-1FAF-ED75-6FA2-9D7982884EA4}
		{BC3F026E-8245-6C15-5126-57674D85CCB0} = {5854FF58-B8C5-05C6-5BF2-ACE42193F22B}
		{AFB05416-4E60-4050-B0F4-A7B9F86B8AE4} = {BC3F026E-8245-6C15-5126-57674D85CCB0}
		{7CAD0C41-29CF-47E0-B9D6-791B540F9A85} = {BC3F026E-8245-6C15-5126-57674D85CCB0}
		{CF70FDB5-D6C3-46E7-A4B9-8AD0481B5C5C} = {BC3F026E-8245-6C15-5126-57674D85CCB0}
		{555A839C-CEEE-42BD-BB89-7F6D64EFA638} = {BC3F026E-8245-6C15-5126-57674D85CCB0}
		{E0B2186D-8F2D-482F-BBA8-F62DAE81E575} = {DD206F60-1FAF-ED75-6FA2-9D7982884EA4}
		{1D388A46-11BD-4F11-BD38-D03FBC67FE15} = {BC3F026E-8245-6C15-5126-57674D85CCB0}
	EndGlobalSection
EndGlobal
